// !$*UTF8*$!
{
	archiveVersion = 1;
	classes = {
	};
	objectVersion = 50;
	objects = {

/* Begin PBXBuildFile section */
		5D01847BBC3FACC34DD13833 /* Pods_NBA_Score.framework in Frameworks */ = {isa = PBXBuildFile; fileRef = 0434F7DB647A626588D7DBAD /* Pods_NBA_Score.framework */; };
		F310427D21D6577500CA20CD /* TeamDetailVC.swift in Sources */ = {isa = PBXBuildFile; fileRef = F310427C21D6577500CA20CD /* TeamDetailVC.swift */; };
		F310428121D6A55600CA20CD /* modesVC.swift in Sources */ = {isa = PBXBuildFile; fileRef = F310428021D6A55600CA20CD /* modesVC.swift */; };
		F310428721D7ED6A00CA20CD /* SimulatorVC.swift in Sources */ = {isa = PBXBuildFile; fileRef = F310428621D7ED6A00CA20CD /* SimulatorVC.swift */; };
		F324F20521CD28D800806ABC /* AppDelegate.swift in Sources */ = {isa = PBXBuildFile; fileRef = F324F20421CD28D800806ABC /* AppDelegate.swift */; };
		F324F20721CD28D800806ABC /* LoginVC.swift in Sources */ = {isa = PBXBuildFile; fileRef = F324F20621CD28D800806ABC /* LoginVC.swift */; };
		F324F20A21CD28D800806ABC /* Main.storyboard in Resources */ = {isa = PBXBuildFile; fileRef = F324F20821CD28D800806ABC /* Main.storyboard */; };
		F324F20C21CD28DA00806ABC /* Assets.xcassets in Resources */ = {isa = PBXBuildFile; fileRef = F324F20B21CD28DA00806ABC /* Assets.xcassets */; };
		F324F20F21CD28DA00806ABC /* LaunchScreen.storyboard in Resources */ = {isa = PBXBuildFile; fileRef = F324F20D21CD28DA00806ABC /* LaunchScreen.storyboard */; };
		F324F21F21CE440100806ABC /* NexRegisterVC.swift in Sources */ = {isa = PBXBuildFile; fileRef = F324F21E21CE440100806ABC /* NexRegisterVC.swift */; };
		F34546F621E761E00015EEE3 /* TeamTV.swift in Sources */ = {isa = PBXBuildFile; fileRef = F34546F521E761E00015EEE3 /* TeamTV.swift */; };
		F34546FB21E779280015EEE3 /* TeamCell.swift in Sources */ = {isa = PBXBuildFile; fileRef = F34546FA21E779280015EEE3 /* TeamCell.swift */; };
		F34546FF21E78CBA0015EEE3 /* PlayerTV.swift in Sources */ = {isa = PBXBuildFile; fileRef = F34546FE21E78CBA0015EEE3 /* PlayerTV.swift */; };
		F345470121E78CDA0015EEE3 /* PlayerCell.swift in Sources */ = {isa = PBXBuildFile; fileRef = F345470021E78CDA0015EEE3 /* PlayerCell.swift */; };
		F360DEBD22021ECA00D875B1 /* rockets.png in Resources */ = {isa = PBXBuildFile; fileRef = F360DE9E22021EC800D875B1 /* rockets.png */; };
		F360DEBE22021ECA00D875B1 /* jazz.png in Resources */ = {isa = PBXBuildFile; fileRef = F360DE9F22021EC800D875B1 /* jazz.png */; };
		F360DEBF22021ECA00D875B1 /* pistons.png in Resources */ = {isa = PBXBuildFile; fileRef = F360DEA022021EC800D875B1 /* pistons.png */; };
		F360DEC022021ECA00D875B1 /* lakers.ico in Resources */ = {isa = PBXBuildFile; fileRef = F360DEA122021EC800D875B1 /* lakers.ico */; };
		F360DEC122021ECA00D875B1 /* spurs.png in Resources */ = {isa = PBXBuildFile; fileRef = F360DEA222021EC800D875B1 /* spurs.png */; };
		F360DEC222021ECA00D875B1 /* kings.png in Resources */ = {isa = PBXBuildFile; fileRef = F360DEA322021EC900D875B1 /* kings.png */; };
		F360DEC322021ECA00D875B1 /* smits.jpg in Resources */ = {isa = PBXBuildFile; fileRef = F360DEA422021EC900D875B1 /* smits.jpg */; };
		F360DEC422021ECA00D875B1 /* lebron.jpg in Resources */ = {isa = PBXBuildFile; fileRef = F360DEA522021EC900D875B1 /* lebron.jpg */; };
		F360DEC522021ECA00D875B1 /* blazers.png in Resources */ = {isa = PBXBuildFile; fileRef = F360DEA622021EC900D875B1 /* blazers.png */; };
		F360DEC622021ECA00D875B1 /* nba teams.jpg in Resources */ = {isa = PBXBuildFile; fileRef = F360DEA722021EC900D875B1 /* nba teams.jpg */; };
		F360DEC722021ECA00D875B1 /* timberwolves.png in Resources */ = {isa = PBXBuildFile; fileRef = F360DEA822021EC900D875B1 /* timberwolves.png */; };
		F360DEC822021ECA00D875B1 /* memphis.png in Resources */ = {isa = PBXBuildFile; fileRef = F360DEA922021EC900D875B1 /* memphis.png */; };
		F360DEC922021ECA00D875B1 /* bucks.png in Resources */ = {isa = PBXBuildFile; fileRef = F360DEAA22021EC900D875B1 /* bucks.png */; };
		F360DECA22021ECA00D875B1 /* nba-logo.png in Resources */ = {isa = PBXBuildFile; fileRef = F360DEAB22021EC900D875B1 /* nba-logo.png */; };
		F360DECB22021ECA00D875B1 /* pelicans.png in Resources */ = {isa = PBXBuildFile; fileRef = F360DEAC22021EC900D875B1 /* pelicans.png */; };
		F360DECC22021ECA00D875B1 /* bulls.png in Resources */ = {isa = PBXBuildFile; fileRef = F360DEAD22021EC900D875B1 /* bulls.png */; };
		F360DECD22021ECA00D875B1 /* thunder.png in Resources */ = {isa = PBXBuildFile; fileRef = F360DEAE22021EC900D875B1 /* thunder.png */; };
		F360DECE22021ECA00D875B1 /* dallas.png in Resources */ = {isa = PBXBuildFile; fileRef = F360DEAF22021EC900D875B1 /* dallas.png */; };
		F360DECF22021ECA00D875B1 /* celtics.ico in Resources */ = {isa = PBXBuildFile; fileRef = F360DEB022021EC900D875B1 /* celtics.ico */; };
		F360DED022021ECA00D875B1 /* heat.png in Resources */ = {isa = PBXBuildFile; fileRef = F360DEB122021EC900D875B1 /* heat.png */; };
		F360DED122021ECA00D875B1 /* cavs.png in Resources */ = {isa = PBXBuildFile; fileRef = F360DEB222021ECA00D875B1 /* cavs.png */; };
		F360DED222021ECA00D875B1 /* magic.png in Resources */ = {isa = PBXBuildFile; fileRef = F360DEB322021ECA00D875B1 /* magic.png */; };
		F360DED322021ECA00D875B1 /* hornets.png in Resources */ = {isa = PBXBuildFile; fileRef = F360DEB422021ECA00D875B1 /* hornets.png */; };
		F360DED422021ECA00D875B1 /* hawks.png in Resources */ = {isa = PBXBuildFile; fileRef = F360DEB522021ECA00D875B1 /* hawks.png */; };
		F360DED522021ECA00D875B1 /* lakers.png in Resources */ = {isa = PBXBuildFile; fileRef = F360DEB622021ECA00D875B1 /* lakers.png */; };
		F360DED622021ECA00D875B1 /* nuggets.png in Resources */ = {isa = PBXBuildFile; fileRef = F360DEB722021ECA00D875B1 /* nuggets.png */; };
		F360DED722021ECA00D875B1 /* pacers.png in Resources */ = {isa = PBXBuildFile; fileRef = F360DEB822021ECA00D875B1 /* pacers.png */; };
		F360DED822021ECA00D875B1 /* suns.png in Resources */ = {isa = PBXBuildFile; fileRef = F360DEB922021ECA00D875B1 /* suns.png */; };
		F360DED922021ECA00D875B1 /* warriors.png in Resources */ = {isa = PBXBuildFile; fileRef = F360DEBA22021ECA00D875B1 /* warriors.png */; };
		F360DEDA22021ECA00D875B1 /* wizards.png in Resources */ = {isa = PBXBuildFile; fileRef = F360DEBB22021ECA00D875B1 /* wizards.png */; };
		F360DEDB22021ECA00D875B1 /* clippers.png in Resources */ = {isa = PBXBuildFile; fileRef = F360DEBC22021ECA00D875B1 /* clippers.png */; };
		F360DEDD2202213B00D875B1 /* celtics.png in Resources */ = {isa = PBXBuildFile; fileRef = F360DEDC2202213A00D875B1 /* celtics.png */; };
		F360DEDF2202214900D875B1 /* knicks.png in Resources */ = {isa = PBXBuildFile; fileRef = F360DEDE2202214900D875B1 /* knicks.png */; };
		F360DEE12202215300D875B1 /* nets.png in Resources */ = {isa = PBXBuildFile; fileRef = F360DEE02202215300D875B1 /* nets.png */; };
		F360DEE32202215F00D875B1 /* philly.png in Resources */ = {isa = PBXBuildFile; fileRef = F360DEE22202215F00D875B1 /* philly.png */; };
		F360DEE52202216600D875B1 /* toronto.png in Resources */ = {isa = PBXBuildFile; fileRef = F360DEE42202216600D875B1 /* toronto.png */; };
		F360DEE72202256200D875B1 /* GoogleService-Info.plist in Resources */ = {isa = PBXBuildFile; fileRef = F360DEE62202256200D875B1 /* GoogleService-Info.plist */; };
		F363A46E21EC93D700282A17 /* SimulatorResultVC.swift in Sources */ = {isa = PBXBuildFile; fileRef = F363A46D21EC93D700282A17 /* SimulatorResultVC.swift */; };
		F386D15321E8AA8D009C8437 /* PlayerDetailVC.swift in Sources */ = {isa = PBXBuildFile; fileRef = F386D15221E8AA8D009C8437 /* PlayerDetailVC.swift */; };
		F3CAA82621E4D44400FEC5A9 /* PlayerStruct.swift in Sources */ = {isa = PBXBuildFile; fileRef = F3CAA82521E4D44400FEC5A9 /* PlayerStruct.swift */; };
		F3CAA82A21E4D67D00FEC5A9 /* NBAPlayersStruct.swift in Sources */ = {isa = PBXBuildFile; fileRef = F3CAA82921E4D67D00FEC5A9 /* NBAPlayersStruct.swift */; };
		F3CAA83021E4F2FF00FEC5A9 /* TeamDetailsStruct.swift in Sources */ = {isa = PBXBuildFile; fileRef = F3CAA82F21E4F2FF00FEC5A9 /* TeamDetailsStruct.swift */; };
		F3D2C7A621F5EF4700512FBC /* RosterTV.swift in Sources */ = {isa = PBXBuildFile; fileRef = F3D2C7A521F5EF4700512FBC /* RosterTV.swift */; };
		F3D2C7A821F5F57600512FBC /* RosterCell.swift in Sources */ = {isa = PBXBuildFile; fileRef = F3D2C7A721F5F57600512FBC /* RosterCell.swift */; };
		F3D2C7AA21F9ACEB00512FBC /* Buttons.swift in Sources */ = {isa = PBXBuildFile; fileRef = F3D2C7A921F9ACEB00512FBC /* Buttons.swift */; };
/* End PBXBuildFile section */

/* Begin PBXFileReference section */
		0434F7DB647A626588D7DBAD /* Pods_NBA_Score.framework */ = {isa = PBXFileReference; explicitFileType = wrapper.framework; includeInIndex = 0; name = Pods_NBA_Score.framework; path = "../../../Library/Developer/Xcode/DerivedData/NBA_Score-hhxpxgzvvcogfbfrkxabdqovakla/Build/Products/Debug-iphoneos/Pods_NBA_Score.framework"; sourceTree = "<group>"; };
		55243D84A2C18BE7257550A7 /* Pods-NBA_Score.debug.xcconfig */ = {isa = PBXFileReference; includeInIndex = 1; lastKnownFileType = text.xcconfig; name = "Pods-NBA_Score.debug.xcconfig"; path = "Pods/Target Support Files/Pods-NBA_Score/Pods-NBA_Score.debug.xcconfig"; sourceTree = "<group>"; };
		770C2C8FCEFAC1BF44CAD97C /* Pods-NBA_Score.release.xcconfig */ = {isa = PBXFileReference; includeInIndex = 1; lastKnownFileType = text.xcconfig; name = "Pods-NBA_Score.release.xcconfig"; path = "Pods/Target Support Files/Pods-NBA_Score/Pods-NBA_Score.release.xcconfig"; sourceTree = "<group>"; };
		F310427C21D6577500CA20CD /* TeamDetailVC.swift */ = {isa = PBXFileReference; lastKnownFileType = sourcecode.swift; path = TeamDetailVC.swift; sourceTree = "<group>"; };
		F310428021D6A55600CA20CD /* modesVC.swift */ = {isa = PBXFileReference; lastKnownFileType = sourcecode.swift; path = modesVC.swift; sourceTree = "<group>"; };
		F310428621D7ED6A00CA20CD /* SimulatorVC.swift */ = {isa = PBXFileReference; lastKnownFileType = sourcecode.swift; path = SimulatorVC.swift; sourceTree = "<group>"; };
		F324F20121CD28D800806ABC /* NBA_Score.app */ = {isa = PBXFileReference; explicitFileType = wrapper.application; includeInIndex = 0; path = NBA_Score.app; sourceTree = BUILT_PRODUCTS_DIR; };
		F324F20421CD28D800806ABC /* AppDelegate.swift */ = {isa = PBXFileReference; lastKnownFileType = sourcecode.swift; path = AppDelegate.swift; sourceTree = "<group>"; };
		F324F20621CD28D800806ABC /* LoginVC.swift */ = {isa = PBXFileReference; lastKnownFileType = sourcecode.swift; path = LoginVC.swift; sourceTree = "<group>"; };
		F324F20921CD28D800806ABC /* Base */ = {isa = PBXFileReference; lastKnownFileType = file.storyboard; name = Base; path = Base.lproj/Main.storyboard; sourceTree = "<group>"; };
		F324F20B21CD28DA00806ABC /* Assets.xcassets */ = {isa = PBXFileReference; lastKnownFileType = folder.assetcatalog; path = Assets.xcassets; sourceTree = "<group>"; };
		F324F20E21CD28DA00806ABC /* Base */ = {isa = PBXFileReference; lastKnownFileType = file.storyboard; name = Base; path = Base.lproj/LaunchScreen.storyboard; sourceTree = "<group>"; };
		F324F21021CD28DA00806ABC /* Info.plist */ = {isa = PBXFileReference; lastKnownFileType = text.plist.xml; path = Info.plist; sourceTree = "<group>"; };
		F324F21E21CE440100806ABC /* NexRegisterVC.swift */ = {isa = PBXFileReference; lastKnownFileType = sourcecode.swift; path = NexRegisterVC.swift; sourceTree = "<group>"; };
		F34546F521E761E00015EEE3 /* TeamTV.swift */ = {isa = PBXFileReference; lastKnownFileType = sourcecode.swift; path = TeamTV.swift; sourceTree = "<group>"; };
		F34546FA21E779280015EEE3 /* TeamCell.swift */ = {isa = PBXFileReference; lastKnownFileType = sourcecode.swift; path = TeamCell.swift; sourceTree = "<group>"; };
		F34546FE21E78CBA0015EEE3 /* PlayerTV.swift */ = {isa = PBXFileReference; lastKnownFileType = sourcecode.swift; path = PlayerTV.swift; sourceTree = "<group>"; };
		F345470021E78CDA0015EEE3 /* PlayerCell.swift */ = {isa = PBXFileReference; lastKnownFileType = sourcecode.swift; path = PlayerCell.swift; sourceTree = "<group>"; };
		F360DE9E22021EC800D875B1 /* rockets.png */ = {isa = PBXFileReference; lastKnownFileType = image.png; name = rockets.png; path = docs_apps/rockets.png; sourceTree = SOURCE_ROOT; };
		F360DE9F22021EC800D875B1 /* jazz.png */ = {isa = PBXFileReference; lastKnownFileType = image.png; name = jazz.png; path = docs_apps/jazz.png; sourceTree = SOURCE_ROOT; };
		F360DEA022021EC800D875B1 /* pistons.png */ = {isa = PBXFileReference; lastKnownFileType = image.png; name = pistons.png; path = docs_apps/pistons.png; sourceTree = SOURCE_ROOT; };
		F360DEA122021EC800D875B1 /* lakers.ico */ = {isa = PBXFileReference; lastKnownFileType = image.ico; name = lakers.ico; path = docs_apps/lakers.ico; sourceTree = SOURCE_ROOT; };
		F360DEA222021EC800D875B1 /* spurs.png */ = {isa = PBXFileReference; lastKnownFileType = image.png; name = spurs.png; path = docs_apps/spurs.png; sourceTree = SOURCE_ROOT; };
		F360DEA322021EC900D875B1 /* kings.png */ = {isa = PBXFileReference; lastKnownFileType = image.png; name = kings.png; path = docs_apps/kings.png; sourceTree = SOURCE_ROOT; };
		F360DEA422021EC900D875B1 /* smits.jpg */ = {isa = PBXFileReference; lastKnownFileType = image.jpeg; name = smits.jpg; path = docs_apps/smits.jpg; sourceTree = SOURCE_ROOT; };
		F360DEA522021EC900D875B1 /* lebron.jpg */ = {isa = PBXFileReference; lastKnownFileType = image.jpeg; name = lebron.jpg; path = docs_apps/lebron.jpg; sourceTree = SOURCE_ROOT; };
		F360DEA622021EC900D875B1 /* blazers.png */ = {isa = PBXFileReference; lastKnownFileType = image.png; name = blazers.png; path = docs_apps/blazers.png; sourceTree = SOURCE_ROOT; };
		F360DEA722021EC900D875B1 /* nba teams.jpg */ = {isa = PBXFileReference; lastKnownFileType = image.jpeg; name = "nba teams.jpg"; path = "docs_apps/nba teams.jpg"; sourceTree = SOURCE_ROOT; };
		F360DEA822021EC900D875B1 /* timberwolves.png */ = {isa = PBXFileReference; lastKnownFileType = image.png; name = timberwolves.png; path = docs_apps/timberwolves.png; sourceTree = SOURCE_ROOT; };
		F360DEA922021EC900D875B1 /* memphis.png */ = {isa = PBXFileReference; lastKnownFileType = image.png; name = memphis.png; path = docs_apps/memphis.png; sourceTree = SOURCE_ROOT; };
		F360DEAA22021EC900D875B1 /* bucks.png */ = {isa = PBXFileReference; lastKnownFileType = image.png; name = bucks.png; path = docs_apps/bucks.png; sourceTree = SOURCE_ROOT; };
		F360DEAB22021EC900D875B1 /* nba-logo.png */ = {isa = PBXFileReference; lastKnownFileType = image.png; name = "nba-logo.png"; path = "docs_apps/nba-logo.png"; sourceTree = SOURCE_ROOT; };
		F360DEAC22021EC900D875B1 /* pelicans.png */ = {isa = PBXFileReference; lastKnownFileType = image.png; name = pelicans.png; path = docs_apps/pelicans.png; sourceTree = SOURCE_ROOT; };
		F360DEAD22021EC900D875B1 /* bulls.png */ = {isa = PBXFileReference; lastKnownFileType = image.png; name = bulls.png; path = docs_apps/bulls.png; sourceTree = SOURCE_ROOT; };
		F360DEAE22021EC900D875B1 /* thunder.png */ = {isa = PBXFileReference; lastKnownFileType = image.png; name = thunder.png; path = docs_apps/thunder.png; sourceTree = SOURCE_ROOT; };
		F360DEAF22021EC900D875B1 /* dallas.png */ = {isa = PBXFileReference; lastKnownFileType = image.png; name = dallas.png; path = docs_apps/dallas.png; sourceTree = SOURCE_ROOT; };
		F360DEB022021EC900D875B1 /* celtics.ico */ = {isa = PBXFileReference; lastKnownFileType = image.ico; name = celtics.ico; path = docs_apps/celtics.ico; sourceTree = SOURCE_ROOT; };
		F360DEB122021EC900D875B1 /* heat.png */ = {isa = PBXFileReference; lastKnownFileType = image.png; name = heat.png; path = docs_apps/heat.png; sourceTree = SOURCE_ROOT; };
		F360DEB222021ECA00D875B1 /* cavs.png */ = {isa = PBXFileReference; lastKnownFileType = image.png; name = cavs.png; path = docs_apps/cavs.png; sourceTree = SOURCE_ROOT; };
		F360DEB322021ECA00D875B1 /* magic.png */ = {isa = PBXFileReference; lastKnownFileType = image.png; name = magic.png; path = docs_apps/magic.png; sourceTree = SOURCE_ROOT; };
		F360DEB422021ECA00D875B1 /* hornets.png */ = {isa = PBXFileReference; lastKnownFileType = image.png; name = hornets.png; path = docs_apps/hornets.png; sourceTree = SOURCE_ROOT; };
		F360DEB522021ECA00D875B1 /* hawks.png */ = {isa = PBXFileReference; lastKnownFileType = image.png; name = hawks.png; path = docs_apps/hawks.png; sourceTree = SOURCE_ROOT; };
		F360DEB622021ECA00D875B1 /* lakers.png */ = {isa = PBXFileReference; lastKnownFileType = image.png; name = lakers.png; path = docs_apps/lakers.png; sourceTree = SOURCE_ROOT; };
		F360DEB722021ECA00D875B1 /* nuggets.png */ = {isa = PBXFileReference; lastKnownFileType = image.png; name = nuggets.png; path = docs_apps/nuggets.png; sourceTree = SOURCE_ROOT; };
		F360DEB822021ECA00D875B1 /* pacers.png */ = {isa = PBXFileReference; lastKnownFileType = image.png; name = pacers.png; path = docs_apps/pacers.png; sourceTree = SOURCE_ROOT; };
		F360DEB922021ECA00D875B1 /* suns.png */ = {isa = PBXFileReference; lastKnownFileType = image.png; name = suns.png; path = docs_apps/suns.png; sourceTree = SOURCE_ROOT; };
		F360DEBA22021ECA00D875B1 /* warriors.png */ = {isa = PBXFileReference; lastKnownFileType = image.png; name = warriors.png; path = docs_apps/warriors.png; sourceTree = SOURCE_ROOT; };
		F360DEBB22021ECA00D875B1 /* wizards.png */ = {isa = PBXFileReference; lastKnownFileType = image.png; name = wizards.png; path = docs_apps/wizards.png; sourceTree = SOURCE_ROOT; };
		F360DEBC22021ECA00D875B1 /* clippers.png */ = {isa = PBXFileReference; lastKnownFileType = image.png; name = clippers.png; path = docs_apps/clippers.png; sourceTree = SOURCE_ROOT; };
		F360DEDC2202213A00D875B1 /* celtics.png */ = {isa = PBXFileReference; lastKnownFileType = image.png; name = celtics.png; path = docs_apps/celtics.png; sourceTree = SOURCE_ROOT; };
		F360DEDE2202214900D875B1 /* knicks.png */ = {isa = PBXFileReference; lastKnownFileType = image.png; name = knicks.png; path = docs_apps/knicks.png; sourceTree = SOURCE_ROOT; };
		F360DEE02202215300D875B1 /* nets.png */ = {isa = PBXFileReference; lastKnownFileType = image.png; name = nets.png; path = docs_apps/nets.png; sourceTree = SOURCE_ROOT; };
		F360DEE22202215F00D875B1 /* philly.png */ = {isa = PBXFileReference; lastKnownFileType = image.png; name = philly.png; path = docs_apps/philly.png; sourceTree = SOURCE_ROOT; };
		F360DEE42202216600D875B1 /* toronto.png */ = {isa = PBXFileReference; lastKnownFileType = image.png; name = toronto.png; path = docs_apps/toronto.png; sourceTree = SOURCE_ROOT; };
		F360DEE62202256200D875B1 /* GoogleService-Info.plist */ = {isa = PBXFileReference; fileEncoding = 4; lastKnownFileType = text.plist.xml; path = "GoogleService-Info.plist"; sourceTree = "<group>"; };
		F363A46D21EC93D700282A17 /* SimulatorResultVC.swift */ = {isa = PBXFileReference; lastKnownFileType = sourcecode.swift; path = SimulatorResultVC.swift; sourceTree = "<group>"; };
		F386D15221E8AA8D009C8437 /* PlayerDetailVC.swift */ = {isa = PBXFileReference; lastKnownFileType = sourcecode.swift; path = PlayerDetailVC.swift; sourceTree = "<group>"; };
		F3CAA82521E4D44400FEC5A9 /* PlayerStruct.swift */ = {isa = PBXFileReference; lastKnownFileType = sourcecode.swift; path = PlayerStruct.swift; sourceTree = "<group>"; };
		F3CAA82921E4D67D00FEC5A9 /* NBAPlayersStruct.swift */ = {isa = PBXFileReference; lastKnownFileType = sourcecode.swift; path = NBAPlayersStruct.swift; sourceTree = "<group>"; };
		F3CAA82F21E4F2FF00FEC5A9 /* TeamDetailsStruct.swift */ = {isa = PBXFileReference; lastKnownFileType = sourcecode.swift; path = TeamDetailsStruct.swift; sourceTree = "<group>"; };
		F3D2C7A521F5EF4700512FBC /* RosterTV.swift */ = {isa = PBXFileReference; lastKnownFileType = sourcecode.swift; path = RosterTV.swift; sourceTree = "<group>"; };
		F3D2C7A721F5F57600512FBC /* RosterCell.swift */ = {isa = PBXFileReference; lastKnownFileType = sourcecode.swift; path = RosterCell.swift; sourceTree = "<group>"; };
		F3D2C7A921F9ACEB00512FBC /* Buttons.swift */ = {isa = PBXFileReference; lastKnownFileType = sourcecode.swift; path = Buttons.swift; sourceTree = "<group>"; };
/* End PBXFileReference section */

/* Begin PBXFrameworksBuildPhase section */
		F324F1FE21CD28D800806ABC /* Frameworks */ = {
			isa = PBXFrameworksBuildPhase;
			buildActionMask = 2147483647;
			files = (
				5D01847BBC3FACC34DD13833 /* Pods_NBA_Score.framework in Frameworks */,
			);
			runOnlyForDeploymentPostprocessing = 0;
		};
/* End PBXFrameworksBuildPhase section */

/* Begin PBXGroup section */
		887C888C853F874667213525 /* Pods */ = {
			isa = PBXGroup;
			children = (
				55243D84A2C18BE7257550A7 /* Pods-NBA_Score.debug.xcconfig */,
				770C2C8FCEFAC1BF44CAD97C /* Pods-NBA_Score.release.xcconfig */,
			);
			name = Pods;
			sourceTree = "<group>";
		};
		C174C00A414A7E78816A0EF6 /* Frameworks */ = {
			isa = PBXGroup;
			children = (
				0434F7DB647A626588D7DBAD /* Pods_NBA_Score.framework */,
			);
			name = Frameworks;
			sourceTree = "<group>";
		};
		F310428321D7EC5500CA20CD /* Login & Register */ = {
			isa = PBXGroup;
			children = (
				F324F20621CD28D800806ABC /* LoginVC.swift */,
				F324F21E21CE440100806ABC /* NexRegisterVC.swift */,
			);
			path = "Login & Register";
			sourceTree = "<group>";
		};
		F310428421D7ECA900CA20CD /* Simulator */ = {
			isa = PBXGroup;
			children = (
				F310428621D7ED6A00CA20CD /* SimulatorVC.swift */,
				F363A46D21EC93D700282A17 /* SimulatorResultVC.swift */,
			);
			path = Simulator;
			sourceTree = "<group>";
		};
		F310428521D7ECE600CA20CD /* Current NBA */ = {
			isa = PBXGroup;
			children = (
				F34546F521E761E00015EEE3 /* TeamTV.swift */,
				F34546FA21E779280015EEE3 /* TeamCell.swift */,
				F34546FE21E78CBA0015EEE3 /* PlayerTV.swift */,
				F345470021E78CDA0015EEE3 /* PlayerCell.swift */,
				F310427C21D6577500CA20CD /* TeamDetailVC.swift */,
				F386D15221E8AA8D009C8437 /* PlayerDetailVC.swift */,
				F3D2C7A521F5EF4700512FBC /* RosterTV.swift */,
				F3D2C7A721F5F57600512FBC /* RosterCell.swift */,
			);
			path = "Current NBA";
			sourceTree = "<group>";
		};
		F324F1F821CD28D800806ABC = {
			isa = PBXGroup;
			children = (
				F324F20321CD28D800806ABC /* NBA_Score */,
				F324F20221CD28D800806ABC /* Products */,
				887C888C853F874667213525 /* Pods */,
				C174C00A414A7E78816A0EF6 /* Frameworks */,
			);
			sourceTree = "<group>";
		};
		F324F20221CD28D800806ABC /* Products */ = {
			isa = PBXGroup;
			children = (
				F324F20121CD28D800806ABC /* NBA_Score.app */,
			);
			name = Products;
			sourceTree = "<group>";
		};
		F324F20321CD28D800806ABC /* NBA_Score */ = {
			isa = PBXGroup;
			children = (
				F324F20421CD28D800806ABC /* AppDelegate.swift */,
				F324F25A21CE9C9F00806ABC /* docs */,
				F310428321D7EC5500CA20CD /* Login & Register */,
				F310428021D6A55600CA20CD /* modesVC.swift */,
				F3D2C7A921F9ACEB00512FBC /* Buttons.swift */,
				F310428521D7ECE600CA20CD /* Current NBA */,
				F310428421D7ECA900CA20CD /* Simulator */,
				F3CAA82421E4D40400FEC5A9 /* structs */,
				F324F20821CD28D800806ABC /* Main.storyboard */,
				F324F20B21CD28DA00806ABC /* Assets.xcassets */,
				F324F20D21CD28DA00806ABC /* LaunchScreen.storyboard */,
				F324F21021CD28DA00806ABC /* Info.plist */,
				F360DEE62202256200D875B1 /* GoogleService-Info.plist */,
			);
			path = NBA_Score;
			sourceTree = "<group>";
		};
		F324F25A21CE9C9F00806ABC /* docs */ = {
			isa = PBXGroup;
			children = (
				F360DEE42202216600D875B1 /* toronto.png */,
				F360DEE22202215F00D875B1 /* philly.png */,
				F360DEE02202215300D875B1 /* nets.png */,
				F360DEDE2202214900D875B1 /* knicks.png */,
				F360DEDC2202213A00D875B1 /* celtics.png */,
				F360DEA622021EC900D875B1 /* blazers.png */,
				F360DEAA22021EC900D875B1 /* bucks.png */,
				F360DEAD22021EC900D875B1 /* bulls.png */,
				F360DEB222021ECA00D875B1 /* cavs.png */,
				F360DEB022021EC900D875B1 /* celtics.ico */,
				F360DEBC22021ECA00D875B1 /* clippers.png */,
				F360DEAF22021EC900D875B1 /* dallas.png */,
				F360DEB522021ECA00D875B1 /* hawks.png */,
				F360DEB122021EC900D875B1 /* heat.png */,
				F360DEB422021ECA00D875B1 /* hornets.png */,
				F360DE9F22021EC800D875B1 /* jazz.png */,
				F360DEA322021EC900D875B1 /* kings.png */,
				F360DEA122021EC800D875B1 /* lakers.ico */,
				F360DEB622021ECA00D875B1 /* lakers.png */,
				F360DEA522021EC900D875B1 /* lebron.jpg */,
				F360DEB322021ECA00D875B1 /* magic.png */,
				F360DEA922021EC900D875B1 /* memphis.png */,
				F360DEA722021EC900D875B1 /* nba teams.jpg */,
				F360DEAB22021EC900D875B1 /* nba-logo.png */,
				F360DEB722021ECA00D875B1 /* nuggets.png */,
				F360DEB822021ECA00D875B1 /* pacers.png */,
				F360DEAC22021EC900D875B1 /* pelicans.png */,
				F360DEA022021EC800D875B1 /* pistons.png */,
				F360DE9E22021EC800D875B1 /* rockets.png */,
				F360DEA422021EC900D875B1 /* smits.jpg */,
				F360DEA222021EC800D875B1 /* spurs.png */,
				F360DEB922021ECA00D875B1 /* suns.png */,
				F360DEAE22021EC900D875B1 /* thunder.png */,
				F360DEA822021EC900D875B1 /* timberwolves.png */,
				F360DEBA22021ECA00D875B1 /* warriors.png */,
				F360DEBB22021ECA00D875B1 /* wizards.png */,
			);
			path = docs;
			sourceTree = "<group>";
		};
		F3CAA82421E4D40400FEC5A9 /* structs */ = {
			isa = PBXGroup;
			children = (
				F3CAA82F21E4F2FF00FEC5A9 /* TeamDetailsStruct.swift */,
				F3CAA82921E4D67D00FEC5A9 /* NBAPlayersStruct.swift */,
				F3CAA82521E4D44400FEC5A9 /* PlayerStruct.swift */,
			);
			path = structs;
			sourceTree = "<group>";
		};
/* End PBXGroup section */

/* Begin PBXNativeTarget section */
		F324F20021CD28D800806ABC /* NBA_Score */ = {
			isa = PBXNativeTarget;
			buildConfigurationList = F324F21321CD28DA00806ABC /* Build configuration list for PBXNativeTarget "NBA_Score" */;
			buildPhases = (
				1F16B40BE422FB4CAF892BD9 /* [CP] Check Pods Manifest.lock */,
				F324F1FD21CD28D800806ABC /* Sources */,
				F324F1FE21CD28D800806ABC /* Frameworks */,
				F324F1FF21CD28D800806ABC /* Resources */,
				F67071402B70F60C002F6147 /* [CP] Embed Pods Frameworks */,
			);
			buildRules = (
			);
			dependencies = (
			);
			name = NBA_Score;
			productName = NBA_Score;
			productReference = F324F20121CD28D800806ABC /* NBA_Score.app */;
			productType = "com.apple.product-type.application";
		};
/* End PBXNativeTarget section */

/* Begin PBXProject section */
		F324F1F921CD28D800806ABC /* Project object */ = {
			isa = PBXProject;
			attributes = {
				LastSwiftUpdateCheck = 1000;
				LastUpgradeCheck = 1000;
				ORGANIZATIONNAME = "Brian van de Velde";
				TargetAttributes = {
					F324F20021CD28D800806ABC = {
						CreatedOnToolsVersion = 10.0;
					};
				};
			};
			buildConfigurationList = F324F1FC21CD28D800806ABC /* Build configuration list for PBXProject "NBA_Score" */;
			compatibilityVersion = "Xcode 9.3";
			developmentRegion = en;
			hasScannedForEncodings = 0;
			knownRegions = (
				en,
				Base,
			);
			mainGroup = F324F1F821CD28D800806ABC;
			productRefGroup = F324F20221CD28D800806ABC /* Products */;
			projectDirPath = "";
			projectRoot = "";
			targets = (
				F324F20021CD28D800806ABC /* NBA_Score */,
			);
		};
/* End PBXProject section */

/* Begin PBXResourcesBuildPhase section */
		F324F1FF21CD28D800806ABC /* Resources */ = {
			isa = PBXResourcesBuildPhase;
			buildActionMask = 2147483647;
			files = (
				F360DECE22021ECA00D875B1 /* dallas.png in Resources */,
				F360DEE32202215F00D875B1 /* philly.png in Resources */,
				F360DEDB22021ECA00D875B1 /* clippers.png in Resources */,
				F360DED122021ECA00D875B1 /* cavs.png in Resources */,
				F360DECA22021ECA00D875B1 /* nba-logo.png in Resources */,
				F360DEC222021ECA00D875B1 /* kings.png in Resources */,
				F360DED822021ECA00D875B1 /* suns.png in Resources */,
				F360DECB22021ECA00D875B1 /* pelicans.png in Resources */,
				F360DEC822021ECA00D875B1 /* memphis.png in Resources */,
				F360DED022021ECA00D875B1 /* heat.png in Resources */,
				F360DEBD22021ECA00D875B1 /* rockets.png in Resources */,
				F360DECD22021ECA00D875B1 /* thunder.png in Resources */,
				F360DEC122021ECA00D875B1 /* spurs.png in Resources */,
				F360DEC722021ECA00D875B1 /* timberwolves.png in Resources */,
				F360DED222021ECA00D875B1 /* magic.png in Resources */,
				F360DEC422021ECA00D875B1 /* lebron.jpg in Resources */,
				F360DEBF22021ECA00D875B1 /* pistons.png in Resources */,
				F360DEE72202256200D875B1 /* GoogleService-Info.plist in Resources */,
				F360DED922021ECA00D875B1 /* warriors.png in Resources */,
				F360DECF22021ECA00D875B1 /* celtics.ico in Resources */,
				F324F20F21CD28DA00806ABC /* LaunchScreen.storyboard in Resources */,
				F360DEBE22021ECA00D875B1 /* jazz.png in Resources */,
				F360DED322021ECA00D875B1 /* hornets.png in Resources */,
				F360DEC522021ECA00D875B1 /* blazers.png in Resources */,
				F360DEC622021ECA00D875B1 /* nba teams.jpg in Resources */,
				F360DEC922021ECA00D875B1 /* bucks.png in Resources */,
				F360DEDD2202213B00D875B1 /* celtics.png in Resources */,
				F360DEE52202216600D875B1 /* toronto.png in Resources */,
				F360DEDA22021ECA00D875B1 /* wizards.png in Resources */,
				F360DEC022021ECA00D875B1 /* lakers.ico in Resources */,
				F324F20C21CD28DA00806ABC /* Assets.xcassets in Resources */,
				F324F20A21CD28D800806ABC /* Main.storyboard in Resources */,
				F360DED522021ECA00D875B1 /* lakers.png in Resources */,
				F360DEE12202215300D875B1 /* nets.png in Resources */,
				F360DECC22021ECA00D875B1 /* bulls.png in Resources */,
				F360DED622021ECA00D875B1 /* nuggets.png in Resources */,
				F360DED422021ECA00D875B1 /* hawks.png in Resources */,
				F360DEDF2202214900D875B1 /* knicks.png in Resources */,
				F360DED722021ECA00D875B1 /* pacers.png in Resources */,
				F360DEC322021ECA00D875B1 /* smits.jpg in Resources */,
			);
			runOnlyForDeploymentPostprocessing = 0;
		};
/* End PBXResourcesBuildPhase section */

/* Begin PBXShellScriptBuildPhase section */
		1F16B40BE422FB4CAF892BD9 /* [CP] Check Pods Manifest.lock */ = {
			isa = PBXShellScriptBuildPhase;
			buildActionMask = 2147483647;
			files = (
			);
			inputFileListPaths = (
			);
			inputPaths = (
				"${PODS_PODFILE_DIR_PATH}/Podfile.lock",
				"${PODS_ROOT}/Manifest.lock",
			);
			name = "[CP] Check Pods Manifest.lock";
			outputFileListPaths = (
			);
			outputPaths = (
				"$(DERIVED_FILE_DIR)/Pods-NBA_Score-checkManifestLockResult.txt",
			);
			runOnlyForDeploymentPostprocessing = 0;
			shellPath = /bin/sh;
			shellScript = "diff \"${PODS_PODFILE_DIR_PATH}/Podfile.lock\" \"${PODS_ROOT}/Manifest.lock\" > /dev/null\nif [ $? != 0 ] ; then\n    # print error to STDERR\n    echo \"error: The sandbox is not in sync with the Podfile.lock. Run 'pod install' or update your CocoaPods installation.\" >&2\n    exit 1\nfi\n# This output is used by Xcode 'outputs' to avoid re-running this script phase.\necho \"SUCCESS\" > \"${SCRIPT_OUTPUT_FILE_0}\"\n";
			showEnvVarsInLog = 0;
		};
		F67071402B70F60C002F6147 /* [CP] Embed Pods Frameworks */ = {
			isa = PBXShellScriptBuildPhase;
			buildActionMask = 2147483647;
			files = (
			);
			inputFileListPaths = (
			);
			inputPaths = (
				"${SRCROOT}/Pods/Target Support Files/Pods-NBA_Score/Pods-NBA_Score-frameworks.sh",
				"${BUILT_PRODUCTS_DIR}/GTMSessionFetcher/GTMSessionFetcher.framework",
				"${BUILT_PRODUCTS_DIR}/GoogleUtilities/GoogleUtilities.framework",
				"${BUILT_PRODUCTS_DIR}/nanopb/nanopb.framework",
			);
			name = "[CP] Embed Pods Frameworks";
			outputFileListPaths = (
			);
			outputPaths = (
				"${TARGET_BUILD_DIR}/${FRAMEWORKS_FOLDER_PATH}/GTMSessionFetcher.framework",
				"${TARGET_BUILD_DIR}/${FRAMEWORKS_FOLDER_PATH}/GoogleUtilities.framework",
				"${TARGET_BUILD_DIR}/${FRAMEWORKS_FOLDER_PATH}/nanopb.framework",
			);
			runOnlyForDeploymentPostprocessing = 0;
			shellPath = /bin/sh;
			shellScript = "\"${SRCROOT}/Pods/Target Support Files/Pods-NBA_Score/Pods-NBA_Score-frameworks.sh\"\n";
			showEnvVarsInLog = 0;
		};
/* End PBXShellScriptBuildPhase section */

/* Begin PBXSourcesBuildPhase section */
		F324F1FD21CD28D800806ABC /* Sources */ = {
			isa = PBXSourcesBuildPhase;
			buildActionMask = 2147483647;
			files = (
				F363A46E21EC93D700282A17 /* SimulatorResultVC.swift in Sources */,
				F34546FB21E779280015EEE3 /* TeamCell.swift in Sources */,
				F3CAA82621E4D44400FEC5A9 /* PlayerStruct.swift in Sources */,
				F34546FF21E78CBA0015EEE3 /* PlayerTV.swift in Sources */,
				F3D2C7A621F5EF4700512FBC /* RosterTV.swift in Sources */,
				F310428121D6A55600CA20CD /* modesVC.swift in Sources */,
				F3D2C7AA21F9ACEB00512FBC /* Buttons.swift in Sources */,
				F34546F621E761E00015EEE3 /* TeamTV.swift in Sources */,
				F3CAA82A21E4D67D00FEC5A9 /* NBAPlayersStruct.swift in Sources */,
				F324F20721CD28D800806ABC /* LoginVC.swift in Sources */,
				F310428721D7ED6A00CA20CD /* SimulatorVC.swift in Sources */,
				F324F20521CD28D800806ABC /* AppDelegate.swift in Sources */,
				F345470121E78CDA0015EEE3 /* PlayerCell.swift in Sources */,
				F310427D21D6577500CA20CD /* TeamDetailVC.swift in Sources */,
				F324F21F21CE440100806ABC /* NexRegisterVC.swift in Sources */,
				F386D15321E8AA8D009C8437 /* PlayerDetailVC.swift in Sources */,
				F3D2C7A821F5F57600512FBC /* RosterCell.swift in Sources */,
				F3CAA83021E4F2FF00FEC5A9 /* TeamDetailsStruct.swift in Sources */,
			);
			runOnlyForDeploymentPostprocessing = 0;
		};
/* End PBXSourcesBuildPhase section */

/* Begin PBXVariantGroup section */
		F324F20821CD28D800806ABC /* Main.storyboard */ = {
			isa = PBXVariantGroup;
			children = (
				F324F20921CD28D800806ABC /* Base */,
			);
			name = Main.storyboard;
			sourceTree = "<group>";
		};
		F324F20D21CD28DA00806ABC /* LaunchScreen.storyboard */ = {
			isa = PBXVariantGroup;
			children = (
				F324F20E21CD28DA00806ABC /* Base */,
			);
			name = LaunchScreen.storyboard;
			sourceTree = "<group>";
		};
/* End PBXVariantGroup section */

/* Begin XCBuildConfiguration section */
		F324F21121CD28DA00806ABC /* Debug */ = {
			isa = XCBuildConfiguration;
			buildSettings = {
				ALWAYS_SEARCH_USER_PATHS = NO;
				CLANG_ANALYZER_NONNULL = YES;
				CLANG_ANALYZER_NUMBER_OBJECT_CONVERSION = YES_AGGRESSIVE;
				CLANG_CXX_LANGUAGE_STANDARD = "gnu++14";
				CLANG_CXX_LIBRARY = "libc++";
				CLANG_ENABLE_MODULES = YES;
				CLANG_ENABLE_OBJC_ARC = YES;
				CLANG_ENABLE_OBJC_WEAK = YES;
				CLANG_WARN_BLOCK_CAPTURE_AUTORELEASING = YES;
				CLANG_WARN_BOOL_CONVERSION = YES;
				CLANG_WARN_COMMA = YES;
				CLANG_WARN_CONSTANT_CONVERSION = YES;
				CLANG_WARN_DEPRECATED_OBJC_IMPLEMENTATIONS = YES;
				CLANG_WARN_DIRECT_OBJC_ISA_USAGE = YES_ERROR;
				CLANG_WARN_DOCUMENTATION_COMMENTS = YES;
				CLANG_WARN_EMPTY_BODY = YES;
				CLANG_WARN_ENUM_CONVERSION = YES;
				CLANG_WARN_INFINITE_RECURSION = YES;
				CLANG_WARN_INT_CONVERSION = YES;
				CLANG_WARN_NON_LITERAL_NULL_CONVERSION = YES;
				CLANG_WARN_OBJC_IMPLICIT_RETAIN_SELF = YES;
				CLANG_WARN_OBJC_LITERAL_CONVERSION = YES;
				CLANG_WARN_OBJC_ROOT_CLASS = YES_ERROR;
				CLANG_WARN_RANGE_LOOP_ANALYSIS = YES;
				CLANG_WARN_STRICT_PROTOTYPES = YES;
				CLANG_WARN_SUSPICIOUS_MOVE = YES;
				CLANG_WARN_UNGUARDED_AVAILABILITY = YES_AGGRESSIVE;
				CLANG_WARN_UNREACHABLE_CODE = YES;
				CLANG_WARN__DUPLICATE_METHOD_MATCH = YES;
				CODE_SIGN_IDENTITY = "iPhone Developer";
				COPY_PHASE_STRIP = NO;
				DEBUG_INFORMATION_FORMAT = dwarf;
				ENABLE_STRICT_OBJC_MSGSEND = YES;
				ENABLE_TESTABILITY = YES;
				GCC_C_LANGUAGE_STANDARD = gnu11;
				GCC_DYNAMIC_NO_PIC = NO;
				GCC_NO_COMMON_BLOCKS = YES;
				GCC_OPTIMIZATION_LEVEL = 0;
				GCC_PREPROCESSOR_DEFINITIONS = (
					"DEBUG=1",
					"$(inherited)",
				);
				GCC_WARN_64_TO_32_BIT_CONVERSION = YES;
				GCC_WARN_ABOUT_RETURN_TYPE = YES_ERROR;
				GCC_WARN_UNDECLARED_SELECTOR = YES;
				GCC_WARN_UNINITIALIZED_AUTOS = YES_AGGRESSIVE;
				GCC_WARN_UNUSED_FUNCTION = YES;
				GCC_WARN_UNUSED_VARIABLE = YES;
				IPHONEOS_DEPLOYMENT_TARGET = 12.0;
				MTL_ENABLE_DEBUG_INFO = INCLUDE_SOURCE;
				MTL_FAST_MATH = YES;
				ONLY_ACTIVE_ARCH = YES;
				SDKROOT = iphoneos;
				SWIFT_ACTIVE_COMPILATION_CONDITIONS = DEBUG;
				SWIFT_OPTIMIZATION_LEVEL = "-Onone";
			};
			name = Debug;
		};
		F324F21221CD28DA00806ABC /* Release */ = {
			isa = XCBuildConfiguration;
			buildSettings = {
				ALWAYS_SEARCH_USER_PATHS = NO;
				CLANG_ANALYZER_NONNULL = YES;
				CLANG_ANALYZER_NUMBER_OBJECT_CONVERSION = YES_AGGRESSIVE;
				CLANG_CXX_LANGUAGE_STANDARD = "gnu++14";
				CLANG_CXX_LIBRARY = "libc++";
				CLANG_ENABLE_MODULES = YES;
				CLANG_ENABLE_OBJC_ARC = YES;
				CLANG_ENABLE_OBJC_WEAK = YES;
				CLANG_WARN_BLOCK_CAPTURE_AUTORELEASING = YES;
				CLANG_WARN_BOOL_CONVERSION = YES;
				CLANG_WARN_COMMA = YES;
				CLANG_WARN_CONSTANT_CONVERSION = YES;
				CLANG_WARN_DEPRECATED_OBJC_IMPLEMENTATIONS = YES;
				CLANG_WARN_DIRECT_OBJC_ISA_USAGE = YES_ERROR;
				CLANG_WARN_DOCUMENTATION_COMMENTS = YES;
				CLANG_WARN_EMPTY_BODY = YES;
				CLANG_WARN_ENUM_CONVERSION = YES;
				CLANG_WARN_INFINITE_RECURSION = YES;
				CLANG_WARN_INT_CONVERSION = YES;
				CLANG_WARN_NON_LITERAL_NULL_CONVERSION = YES;
				CLANG_WARN_OBJC_IMPLICIT_RETAIN_SELF = YES;
				CLANG_WARN_OBJC_LITERAL_CONVERSION = YES;
				CLANG_WARN_OBJC_ROOT_CLASS = YES_ERROR;
				CLANG_WARN_RANGE_LOOP_ANALYSIS = YES;
				CLANG_WARN_STRICT_PROTOTYPES = YES;
				CLANG_WARN_SUSPICIOUS_MOVE = YES;
				CLANG_WARN_UNGUARDED_AVAILABILITY = YES_AGGRESSIVE;
				CLANG_WARN_UNREACHABLE_CODE = YES;
				CLANG_WARN__DUPLICATE_METHOD_MATCH = YES;
				CODE_SIGN_IDENTITY = "iPhone Developer";
				COPY_PHASE_STRIP = NO;
				DEBUG_INFORMATION_FORMAT = "dwarf-with-dsym";
				ENABLE_NS_ASSERTIONS = NO;
				ENABLE_STRICT_OBJC_MSGSEND = YES;
				GCC_C_LANGUAGE_STANDARD = gnu11;
				GCC_NO_COMMON_BLOCKS = YES;
				GCC_WARN_64_TO_32_BIT_CONVERSION = YES;
				GCC_WARN_ABOUT_RETURN_TYPE = YES_ERROR;
				GCC_WARN_UNDECLARED_SELECTOR = YES;
				GCC_WARN_UNINITIALIZED_AUTOS = YES_AGGRESSIVE;
				GCC_WARN_UNUSED_FUNCTION = YES;
				GCC_WARN_UNUSED_VARIABLE = YES;
				IPHONEOS_DEPLOYMENT_TARGET = 12.0;
				MTL_ENABLE_DEBUG_INFO = NO;
				MTL_FAST_MATH = YES;
				SDKROOT = iphoneos;
				SWIFT_COMPILATION_MODE = wholemodule;
				SWIFT_OPTIMIZATION_LEVEL = "-O";
				VALIDATE_PRODUCT = YES;
			};
			name = Release;
		};
		F324F21421CD28DA00806ABC /* Debug */ = {
			isa = XCBuildConfiguration;
			baseConfigurationReference = 55243D84A2C18BE7257550A7 /* Pods-NBA_Score.debug.xcconfig */;
			buildSettings = {
				ASSETCATALOG_COMPILER_APPICON_NAME = AppIcon;
				CODE_SIGN_STYLE = Automatic;
				INFOPLIST_FILE = NBA_Score/Info.plist;
				LD_RUNPATH_SEARCH_PATHS = (
					"$(inherited)",
					"@executable_path/Frameworks",
				);
				PRODUCT_BUNDLE_IDENTIFIER = "com.example.NBA-Score";
				PRODUCT_NAME = "$(TARGET_NAME)";
				SWIFT_VERSION = 4.2;
				TARGETED_DEVICE_FAMILY = "1,2";
			};
			name = Debug;
		};
		F324F21521CD28DA00806ABC /* Release */ = {
			isa = XCBuildConfiguration;
			baseConfigurationReference = 770C2C8FCEFAC1BF44CAD97C /* Pods-NBA_Score.release.xcconfig */;
			buildSettings = {
				ASSETCATALOG_COMPILER_APPICON_NAME = AppIcon;
				CODE_SIGN_STYLE = Automatic;
				INFOPLIST_FILE = NBA_Score/Info.plist;
				LD_RUNPATH_SEARCH_PATHS = (
					"$(inherited)",
					"@executable_path/Frameworks",
				);
				PRODUCT_BUNDLE_IDENTIFIER = "com.example.NBA-Score";
				PRODUCT_NAME = "$(TARGET_NAME)";
				SWIFT_VERSION = 4.2;
				TARGETED_DEVICE_FAMILY = "1,2";
			};
			name = Release;
		};
/* End XCBuildConfiguration section */

/* Begin XCConfigurationList section */
		F324F1FC21CD28D800806ABC /* Build configuration list for PBXProject "NBA_Score" */ = {
			isa = XCConfigurationList;
			buildConfigurations = (
				F324F21121CD28DA00806ABC /* Debug */,
				F324F21221CD28DA00806ABC /* Release */,
			);
			defaultConfigurationIsVisible = 0;
			defaultConfigurationName = Release;
		};
		F324F21321CD28DA00806ABC /* Build configuration list for PBXNativeTarget "NBA_Score" */ = {
			isa = XCConfigurationList;
			buildConfigurations = (
				F324F21421CD28DA00806ABC /* Debug */,
				F324F21521CD28DA00806ABC /* Release */,
			);
			defaultConfigurationIsVisible = 0;
			defaultConfigurationName = Release;
		};
/* End XCConfigurationList section */
	};
	rootObject = F324F1F921CD28D800806ABC /* Project object */;
}
